
Microsoft Visual Studio Solution File, Format Version 12.00
# Visual Studio Version 17
VisualStudioVersion = 17.10.35027.167
MinimumVisualStudioVersion = 10.0.40219.1
Project("{FAE04EC0-301F-11D3-BF4B-00C04F79EFBC}") = "DailyTaskRemider.API", "DailyTaskRemider.API\DailyTaskRemider.API.csproj", "{7598C9C9-6BE7-41D6-8E58-343663B31305}"
EndProject
Project("{FAE04EC0-301F-11D3-BF4B-00C04F79EFBC}") = "DailyTaskReminder.Server", "DailyTaskReminder.Console\DailyTaskReminder.Server.csproj", "{07DD28DE-3999-42FF-B929-B16F9A05C58B}"
EndProject
Project("{FAE04EC0-301F-11D3-BF4B-00C04F79EFBC}") = "Azure.Storage.Queue.Manager", "Azure.Storage.Queue.Manager\Azure.Storage.Queue.Manager.csproj", "{AA652122-1971-433E-BEE6-F43D84981258}"
EndProject
Project("{FAE04EC0-301F-11D3-BF4B-00C04F79EFBC}") = "BlobStorageAccount", "BlobStorageAccount\BlobStorageAccount.csproj", "{F6FD1993-1F92-496D-BA7E-FCB0C3ED8B50}"
EndProject
Global
	GlobalSection(SolutionConfigurationPlatforms) = preSolution
		Debug|Any CPU = Debug|Any CPU
		Release|Any CPU = Release|Any CPU
	EndGlobalSection
	GlobalSection(ProjectConfigurationPlatforms) = postSolution
		{7598C9C9-6BE7-41D6-8E58-343663B31305}.Debug|Any CPU.ActiveCfg = Debug|Any CPU
		{7598C9C9-6BE7-41D6-8E58-343663B31305}.Debug|Any CPU.Build.0 = Debug|Any CPU
		{7598C9C9-6BE7-41D6-8E58-343663B31305}.Release|Any CPU.ActiveCfg = Release|Any CPU
		{7598C9C9-6BE7-41D6-8E58-343663B31305}.Release|Any CPU.Build.0 = Release|Any CPU
		{07DD28DE-3999-42FF-B929-B16F9A05C58B}.Debug|Any CPU.ActiveCfg = Debug|Any CPU
		{07DD28DE-3999-42FF-B929-B16F9A05C58B}.Debug|Any CPU.Build.0 = Debug|Any CPU
		{07DD28DE-3999-42FF-B929-B16F9A05C58B}.Release|Any CPU.ActiveCfg = Release|Any CPU
		{07DD28DE-3999-42FF-B929-B16F9A05C58B}.Release|Any CPU.Build.0 = Release|Any CPU
		{AA652122-1971-433E-BEE6-F43D84981258}.Debug|Any CPU.ActiveCfg = Debug|Any CPU
		{AA652122-1971-433E-BEE6-F43D84981258}.Debug|Any CPU.Build.0 = Debug|Any CPU
		{AA652122-1971-433E-BEE6-F43D84981258}.Release|Any CPU.ActiveCfg = Release|Any CPU
		{AA652122-1971-433E-BEE6-F43D84981258}.Release|Any CPU.Build.0 = Release|Any CPU
		{F6FD1993-1F92-496D-BA7E-FCB0C3ED8B50}.Debug|Any CPU.ActiveCfg = Debug|Any CPU
		{F6FD1993-1F92-496D-BA7E-FCB0C3ED8B50}.Debug|Any CPU.Build.0 = Debug|Any CPU
		{F6FD1993-1F92-496D-BA7E-FCB0C3ED8B50}.Release|Any CPU.ActiveCfg = Release|Any CPU
		{F6FD1993-1F92-496D-BA7E-FCB0C3ED8B50}.Release|Any CPU.Build.0 = Release|Any CPU
	EndGlobalSection
	GlobalSection(SolutionProperties) = preSolution
		HideSolutionNode = FALSE
	EndGlobalSection
	GlobalSection(ExtensibilityGlobals) = postSolution
		SolutionGuid = {B7585BDA-5921-4845-8F2C-5691A7EDD220}
	EndGlobalSection
EndGlobal
